
Microsoft Visual Studio Solution File, Format Version 12.00
# Visual Studio Version 16
VisualStudioVersion = 16.0.31229.75
MinimumVisualStudioVersion = 10.0.40219.1
Project("{8BC9CEB8-8B4A-11D0-8D11-00A0C91BC942}") = "Graf-1", "Graf-1.vcxproj", "{2A496557-3CB0-48F7-A82E-8863CC108655}"
EndProject
Global
	GlobalSection(SolutionConfigurationPlatforms) = preSolution
		Debug|x64 = Debug|x64
		Debug|x86 = Debug|x86
		Release|x64 = Release|x64
		Release|x86 = Release|x86
	EndGlobalSection
	GlobalSection(ProjectConfigurationPlatforms) = postSolution
		{2A496557-3CB0-48F7-A82E-8863CC108655}.Debug|x64.ActiveCfg = Debug|x64
		{2A496557-3CB0-48F7-A82E-8863CC108655}.Debug|x64.Build.0 = Debug|x64
		{2A496557-3CB0-48F7-A82E-8863CC108655}.Debug|x86.ActiveCfg = Debug|Win32
		{2A496557-3CB0-48F7-A82E-8863CC108655}.Debug|x86.Build.0 = Debug|Win32
		{2A496557-3CB0-48F7-A82E-8863CC108655}.Release|x64.ActiveCfg = Release|x64
		{2A496557-3CB0-48F7-A82E-8863CC108655}.Release|x64.Build.0 = Release|x64
		{2A496557-3CB0-48F7-A82E-8863CC108655}.Release|x86.ActiveCfg = Release|Win32
		{2A496557-3CB0-48F7-A82E-8863CC108655}.Release|x86.Build.0 = Release|Win32
	EndGlobalSection
	GlobalSection(SolutionProperties) = preSolution
		HideSolutionNode = FALSE
	EndGlobalSection
	GlobalSection(ExtensibilityGlobals) = postSolution
		SolutionGuid = {9D22D613-22F4-479A-93F8-3033E45600D4}
	EndGlobalSection
EndGlobal
